{
    "_meta": {
        "hash": {
            "sha256": "c867782bae7ac82b8d87ad444808a666b1a6c362335ea6814deb0b9da4f342cb"
        },
        "pipfile-spec": 6,
        "requires": {
            "python_version": "3.6"
        },
        "sources": [
            {
                "name": "pypi",
                "url": "https://pypi.org/simple",
                "verify_ssl": true
            }
        ]
    },
    "default": {
        "cachetools": {
            "hashes": [
                "sha256:219b7dc6024195b6f2bc3d3f884d1fef458745cd323b04165378622dcc823852",
                "sha256:9efcc9fab3b49ab833475702b55edd5ae07af1af7a4c627678980b45e459c460"
            ],
            "version": "==3.1.0"
        },
        "certifi": {
            "hashes": [
                "sha256:59b7658e26ca9c7339e00f8f4636cdfe59d34fa37b9b04f6f9e9926b3cece1a5",
                "sha256:b26104d6835d1f5e49452a26eb2ff87fe7090b89dfcaee5ea2212697e1e1d7ae"
            ],
            "version": "==2019.3.9"
        },
        "chardet": {
            "hashes": [
                "sha256:84ab92ed1c4d4f16916e05906b6b75a6c0fb5db821cc65e70cbd64a3e2a5eaae",
                "sha256:fc323ffcaeaed0e0a02bf4d117757b98aed530d9ed4531e3e15460124c106691"
            ],
            "version": "==3.0.4"
        },
        "fuzzywuzzy": {
            "extras": [
                "speedup"
            ],
            "hashes": [
                "sha256:5ac7c0b3f4658d2743aa17da53a55598144edbc5bee3c6863840636e6926f254",
                "sha256:6f49de47db00e1c71d40ad16da42284ac357936fa9b66bea1df63fed07122d62"
            ],
            "index": "pypi",
            "version": "==0.17.0"
        },
        "google-api-core": {
            "extras": [
                "grpc"
            ],
            "hashes": [
                "sha256:16b14c0492154110d869a08be22d27440010057fd826205303c7edaa1c3cd71e",
                "sha256:9f8ef10c924d8a9f50d9156eea7cd779929f27aa23b855ad0abe05424553b66f"
            ],
            "version": "==1.8.2"
        },
        "google-api-python-client": {
            "hashes": [
                "sha256:06907006ed5ce831018f03af3852d739c0b2489cdacfda6971bcc2075c762858",
                "sha256:937eabdc3940977f712fa648a096a5142766b6d0a0f58bc603e2ac0687397ef0"
            ],
            "index": "pypi",
            "version": "==1.7.8"
        },
        "google-auth": {
            "hashes": [
                "sha256:0f7c6a64927d34c1a474da92cfc59e552a5d3b940d3266606c6a28b72888b9e4",
                "sha256:20705f6803fd2c4d1cc2dcb0df09d4dfcb9a7d51fd59e94a3a28231fd93119ed"
            ],
            "version": "==1.6.3"
        },
        "google-auth-httplib2": {
            "hashes": [
                "sha256:098fade613c25b4527b2c08fa42d11f3c2037dda8995d86de0745228e965d445",
                "sha256:f1c437842155680cf9918df9bc51c1182fda41feef88c34004bd1978c8157e08"
            ],
            "index": "pypi",
            "version": "==0.0.3"
        },
        "google-auth-oauthlib": {
            "hashes": [
                "sha256:a0470c19130ddf90c2b07c0c701d72890a7335090903aeb709f003a66416380f",
                "sha256:c57303d85199fdba00bc7b8fb21ccf6c2b9d3e69d6830fd69ff951c64cf2c1d6"
            ],
            "index": "pypi",
            "version": "==0.3.0"
        },
        "google-cloud-texttospeech": {
            "hashes": [
                "sha256:08bb423fdacdd72fa624221b16dd75f3a1a481e281dd30606aae782072f54208",
                "sha256:ec1d049cb54fc036887d946ce0391bde481a3da7263e55908eaf9694079ec46f"
            ],
            "index": "pypi",
            "version": "==0.4.0"
        },
        "googleapis-common-protos": {
            "hashes": [
                "sha256:627ec53fab43d06c1b5c950e217fa9819e169daf753111a7f244e94bf8fb3384"
            ],
            "version": "==1.5.9"
        },
        "grpcio": {
            "hashes": [
                "sha256:07c7f7b251b26ef94e29d2c19245e34d4d05897325a289b31de3b6a5e16fbd6c",
                "sha256:2ddbca16c2e7b3f2ffc6e34c7cfa6886fb01de9f156ad3f77b72ad652d632097",
                "sha256:30d84f9684b4c81ee37906bb303a84435948c2dd3db55d3ef38f8daf28bc6ea3",
                "sha256:316e6c79fb1585b23ae100ee26f6ffefa91a21e4d39588fa42efadd7f20c7225",
                "sha256:400abff9a772351fff72d5698c8758b837bec3d7f4ed93de70bae744d8f63f53",
                "sha256:4ed90a256f6f8690b5c95b9d4f2e9fe6513628f3674e9068e10637e50c2f93d6",
                "sha256:51fd87ff610ca2f483c668c3fa7f70d479bffb3c14805d2065b51194edea5e26",
                "sha256:5569aba69041530e04eff3d40536027db8851f4e11e6282849b9fc5b1855075d",
                "sha256:566b752e36cdcd5a4d38f292aca4c8e3095f13cfe82606e010d67749cacba341",
                "sha256:5817f970fbfed72a6203ff96349e796d8f6ff3ce85b58af241c4a14190d9f4d1",
                "sha256:5a97bb5a4af16f840f1211dbe66d61592f02110f286d96e67bf6006d7f96aab7",
                "sha256:5d57e41c913152b215eda070955b3544bdf20ed2327e5e5eed3005186220ebd0",
                "sha256:6cec17145978cef3d20093cdc05e88da597ce05076db566a66a35b9c55d416a3",
                "sha256:6ef7ab9b6ba09ce087ddb3b27f12504f50efdbf5d319b8b23173478765452301",
                "sha256:756c0d65e4ebce1c47787dbb48955864f2a768e1df76902f33d3e4062c209f3e",
                "sha256:828d13f0edd27f452af7fc23093c8a2d63d8fbd92595dbd0f698c78b13af9bdb",
                "sha256:8cf02c4e07520be61ad8b59b0043771ef2af666cb73066516eabfee562a28df4",
                "sha256:919dfe84d22ce2e2ae81d82238586d7c2a86714fb0b6cf9b437e336851e3c32d",
                "sha256:b04a061280b06cdc4e68c4147a0f46b98c395cf62f0c6df4fa2a30a083cdc333",
                "sha256:b2dbe7d2f9685bdbb4415f8e475dd96b1b1776193b7286705f90490c3f039037",
                "sha256:b60df7cbc3e77c39d5befe6a1e6e4213f3ca683d743ff7c1622b1d4412245a55",
                "sha256:b740681332b5a042b9e22246a3cdbfc3d644cf73d38e117f20ad9d8deab8f1a5",
                "sha256:ba434873945d5d4542589674cb60c43a1cf76b2b5f0c0f759aa76d499055722f",
                "sha256:bcb44cd53beccc92c730254ad3d50715b67a7432e693961b566d982f759b1787",
                "sha256:be1cbb6cad1d4242e3aaa4143eabcfbf383358f6c8e9951be2c497b65561b075",
                "sha256:c4e38326fcab5c52fd1a8c8e0f908bfe830629a5ffc60793ec5545ef913d62d2",
                "sha256:d03c0524d5953568f74269e0faebb1e880ba9f36ca8c773be397087c35bd8188",
                "sha256:ea897ffa80276565acdd92349ef82a768db0e3327aacd4aec82f79ca10989689",
                "sha256:edc50e8bcd10b165f34c3cf3e1d4f97e9c71b165b85a85b91cf3444000a17692",
                "sha256:f96a2e97df522b50da9cb3795f08199b110ceab4146bf70ea7f6a3a0213786cc",
                "sha256:fadb649a69e3b08e01f090c24f0c8cccc122e92c362c1a1727b695a63be8416b",
                "sha256:fbe4360ff1689a9753cbf1b27dad11e683d39117a32a64372a7c95c6abc81b81"
            ],
            "index": "pypi",
            "version": "==1.19.0"
        },
        "html2text": {
            "hashes": [
                "sha256:490db40fe5b2cd79c461cf56be4d39eb8ca68191ae41ba3ba79f6cb05b7dd662",
                "sha256:627514fb30e7566b37be6900df26c2c78a030cc9e6211bda604d8181233bcdd4"
            ],
            "index": "pypi",
            "version": "==2018.1.9"
        },
        "httplib2": {
            "hashes": [
                "sha256:4ba6b8fd77d0038769bf3c33c9a96a6f752bc4cdf739701fdcaf210121f399d4"
            ],
            "version": "==0.12.1"
        },
        "idna": {
            "hashes": [
                "sha256:c357b3f628cf53ae2c4c05627ecc484553142ca23264e593d327bcde5e9c3407",
                "sha256:ea8b7f6188e6fa117537c3df7da9fc686d485087abf6ac197f9c46432f7e4a3c"
            ],
            "version": "==2.8"
        },
        "oauthlib": {
            "hashes": [
                "sha256:0ce32c5d989a1827e3f1148f98b9085ed2370fc939bf524c9c851d8714797298",
                "sha256:3e1e14f6cde7e5475128d30e97edc3bfb4dc857cb884d8714ec161fdbb3b358e"
            ],
            "version": "==3.0.1"
        },
        "protobuf": {
            "hashes": [
                "sha256:21e395d7959551e759d604940a115c51c6347d90a475c9baf471a1a86b5604a9",
                "sha256:57e05e16955aee9e6a0389fcbd58d8289dd2420e47df1a1096b3a232c26eb2dd",
                "sha256:67819e8e48a74c68d87f25cad9f40edfe2faf278cdba5ca73173211b9213b8c9",
                "sha256:75da7d43a2c8a13b0bc7238ab3c8ae217cbfd5979d33b01e98e1f78defb2d060",
                "sha256:78e08371e236f193ce947712c072542ff19d0043ab5318c2ea46bbc2aaebdca6",
                "sha256:7ee5b595db5abb0096e8c4755e69c20dfad38b2d0bcc9bc7bafc652d2496b471",
                "sha256:86260ecfe7a66c0e9d82d2c61f86a14aa974d340d159b829b26f35f710f615db",
                "sha256:92c77db4bd33ea4ee5f15152a835273f2338a5246b2cbb84bab5d0d7f6e9ba94",
                "sha256:9c7b90943e0e188394b4f068926a759e3b4f63738190d1ab3d500d53b9ce7614",
                "sha256:a77f217ea50b2542bae5b318f7acee50d9fc8c95dd6d3656eaeff646f7cab5ee",
                "sha256:ad589ed1d1f83db22df867b10e01fe445516a5a4d7cfa37fe3590a5f6cfc508b",
                "sha256:b06a794901bf573f4b2af87e6139e5cd36ac7c91ac85d7ae3fe5b5f6fc317513",
                "sha256:bd8592cc5f8b4371d0bad92543370d4658dc41a5ccaaf105597eb5524c616291",
                "sha256:be48e5a6248a928ec43adf2bea037073e5da692c0b3c10b34f9904793bd63138",
                "sha256:cc5eb13f5ccc4b1b642cc147c2cdd121a34278b341c7a4d79e91182fff425836",
                "sha256:cd3b0e0ad69b74ee55e7c321f52a98effed2b4f4cc9a10f3683d869de00590d5",
                "sha256:d6e88c4920660aa75c0c2c4b53407aef5efd9a6e0ca7d2fc84d79aba2ccbda3a",
                "sha256:ec3c49b6d247152e19110c3a53d9bb4cf917747882017f70796460728b02722e"
            ],
            "version": "==3.7.1"
        },
        "pyasn1": {
            "hashes": [
                "sha256:da2420fe13a9452d8ae97a0e478adde1dee153b11ba832a95b223a2ba01c10f7",
                "sha256:da6b43a8c9ae93bc80e2739efb38cc776ba74a886e3e9318d65fe81a8b8a2c6e"
            ],
            "version": "==0.4.5"
        },
        "pyasn1-modules": {
            "hashes": [
                "sha256:79580acf813e3b7d6e69783884e6e83ac94bf4617b36a135b85c599d8a818a7b",
                "sha256:a52090e8c5841ebbf08ae455146792d9ef3e8445b21055d3a3b7ed9c712b7c7c"
            ],
            "version": "==0.2.4"
        },
        "pyaudio": {
            "hashes": [
                "sha256:0d92f6a294565260a282f7c9a0b0d309fc8cc988b5ee5b50645634ab9e2da7f7",
                "sha256:259bb9c1363be895b4f9a97e320a6017dd06bc540728c1a04eb4a7b6fe75035b",
                "sha256:2a19bdb8ec1445b4f3e4b7b109e0e4cec1fd1f1ce588592aeb6db0b58d4fb3b0",
                "sha256:51b558d1b28c68437b53218279110db44f69f3f5dd3d81859f569a4a96962bdc",
                "sha256:589bfad2c615dd4b5d3757e763019c42ab82f06fba5cae64ec02fd7f5ae407ed",
                "sha256:8f89075b4844ea94dde0c951c2937581c989fabd4df09bfd3f075035f50955df",
                "sha256:93bfde30e0b64e63a46f2fd77e85c41fd51182a4a3413d9edfaf9ffaa26efb74",
                "sha256:cf1543ba50bd44ac0d0ab5c035bb9c3127eb76047ff12235149d9adf86f532b6",
                "sha256:f78d543a98b730e64621ebf7f3e2868a79ade0a373882ef51c0293455ffa8e6e"
            ],
            "index": "pypi",
            "version": "==0.2.11"
        },
        "python-levenshtein": {
            "hashes": [
                "sha256:033a11de5e3d19ea25c9302d11224e1a1898fe5abd23c61c7c360c25195e3eb1"
            ],
            "markers": "extra == 'speedup'",
            "version": "==0.12.0"
        },
        "pyttsx3": {
            "hashes": [
                "sha256:03fd07429b21e99ba2d738d25d12328483fae9cb86de7ea9ac5a2617031d7261",
                "sha256:c3d67b54f10252b4254869c85280f48d7b914304fb726d0b41b170f2da3bf0f6"
            ],
            "index": "pypi",
            "version": "==2.7"
        },
        "pytz": {
            "hashes": [
                "sha256:32b0891edff07e28efe91284ed9c31e123d84bea3fd98e1f72be2508f43ef8d9",
                "sha256:d5f05e487007e29e03409f9398d074e158d920d36eb82eaf66fb1136b0c5374c"
            ],
            "version": "==2018.9"
        },
        "requests": {
            "hashes": [
                "sha256:502a824f31acdacb3a35b6690b5fbf0bc41d63a24a45c4004352b0242707598e",
                "sha256:7bf2a778576d825600030a110f3c0e3e8edc51dfaafe1c146e39a2027784957b"
            ],
            "version": "==2.21.0"
        },
        "requests-oauthlib": {
            "hashes": [
                "sha256:bd6533330e8748e94bf0b214775fed487d309b8b8fe823dc45641ebcd9a32f57",
                "sha256:d3ed0c8f2e3bbc6b344fa63d6f933745ab394469da38db16bdddb461c7e25140"
            ],
            "version": "==1.2.0"
        },
        "rsa": {
            "hashes": [
                "sha256:14ba45700ff1ec9eeb206a2ce76b32814958a98e372006c8fb76ba820211be66",
                "sha256:1a836406405730121ae9823e19c6e806c62bbad73f890574fff50efa4122c487"
            ],
            "version": "==4.0"
        },
        "six": {
            "hashes": [
                "sha256:3350809f0555b11f552448330d0b52d5f24c91a322ea4a15ef22629740f3761c",
                "sha256:d16a0141ec1a18405cd4ce8b4613101da75da0e9a7aec5bdd4fa804d0e0eba73"
            ],
            "version": "==1.12.0"
        },
        "speechrecognition": {
            "hashes": [
                "sha256:4d8f73a0c05ec70331c3bacaa89ecc06dfa8d9aba0899276664cda06ab597e8e"
            ],
            "index": "pypi",
            "version": "==3.8.1"
        },
        "uritemplate": {
            "hashes": [
                "sha256:01c69f4fe8ed503b2951bef85d996a9d22434d2431584b5b107b2981ff416fbd",
                "sha256:1b9c467a940ce9fb9f50df819e8ddd14696f89b9a8cc87ac77952ba416e0a8fd",
                "sha256:c02643cebe23fc8adb5e6becffe201185bf06c40bda5c0b4028a93f1527d011d"
            ],
            "version": "==3.0.0"
        },
        "urllib3": {
            "hashes": [
                "sha256:61bf29cada3fc2fbefad4fdf059ea4bd1b4a86d2b6d15e1c7c0b582b9752fe39",
                "sha256:de9529817c93f27c8ccbfead6985011db27bd0ddfcdb2d86f3f663385c6a9c22"
            ],
            "version": "==1.24.1"
        }
    },
    "develop": {}
}
